
Microsoft Visual Studio Solution File, Format Version 12.00
# Visual Studio 2013
VisualStudioVersion = 12.0.31101.0
MinimumVisualStudioVersion = 10.0.40219.1
Project("{FAE04EC0-301F-11D3-BF4B-00C04F79EFBC}") = "CustomLINQExtensionMethods", "CustomLINQExtensionMethods\CustomLINQExtensionMethods.csproj", "{7729A9D6-A6E4-4699-AFC1-E4793B4EB188}"
EndProject
Project("{FAE04EC0-301F-11D3-BF4B-00C04F79EFBC}") = "InterestCalculator", "InterestCalculator\InterestCalculator.csproj", "{E698E65A-8E84-437F-B17F-2D8E49E62612}"
EndProject
Project("{FAE04EC0-301F-11D3-BF4B-00C04F79EFBC}") = "AsynchronousTimer", "AsynchronousTimer\AsynchronousTimer.csproj", "{8BF353AB-3E80-4B4A-8BC3-B6D12F8B04D3}"
EndProject
Project("{FAE04EC0-301F-11D3-BF4B-00C04F79EFBC}") = "StudentClass", "StudentClass\StudentClass.csproj", "{B8271910-3AD0-4857-AE0D-738EE1E07D55}"
EndProject
Global
	GlobalSection(SolutionConfigurationPlatforms) = preSolution
		Debug|Any CPU = Debug|Any CPU
		Release|Any CPU = Release|Any CPU
	EndGlobalSection
	GlobalSection(ProjectConfigurationPlatforms) = postSolution
		{7729A9D6-A6E4-4699-AFC1-E4793B4EB188}.Debug|Any CPU.ActiveCfg = Debug|Any CPU
		{7729A9D6-A6E4-4699-AFC1-E4793B4EB188}.Debug|Any CPU.Build.0 = Debug|Any CPU
		{7729A9D6-A6E4-4699-AFC1-E4793B4EB188}.Release|Any CPU.ActiveCfg = Release|Any CPU
		{7729A9D6-A6E4-4699-AFC1-E4793B4EB188}.Release|Any CPU.Build.0 = Release|Any CPU
		{E698E65A-8E84-437F-B17F-2D8E49E62612}.Debug|Any CPU.ActiveCfg = Debug|Any CPU
		{E698E65A-8E84-437F-B17F-2D8E49E62612}.Debug|Any CPU.Build.0 = Debug|Any CPU
		{E698E65A-8E84-437F-B17F-2D8E49E62612}.Release|Any CPU.ActiveCfg = Release|Any CPU
		{E698E65A-8E84-437F-B17F-2D8E49E62612}.Release|Any CPU.Build.0 = Release|Any CPU
		{8BF353AB-3E80-4B4A-8BC3-B6D12F8B04D3}.Debug|Any CPU.ActiveCfg = Debug|Any CPU
		{8BF353AB-3E80-4B4A-8BC3-B6D12F8B04D3}.Debug|Any CPU.Build.0 = Debug|Any CPU
		{8BF353AB-3E80-4B4A-8BC3-B6D12F8B04D3}.Release|Any CPU.ActiveCfg = Release|Any CPU
		{8BF353AB-3E80-4B4A-8BC3-B6D12F8B04D3}.Release|Any CPU.Build.0 = Release|Any CPU
		{B8271910-3AD0-4857-AE0D-738EE1E07D55}.Debug|Any CPU.ActiveCfg = Debug|Any CPU
		{B8271910-3AD0-4857-AE0D-738EE1E07D55}.Debug|Any CPU.Build.0 = Debug|Any CPU
		{B8271910-3AD0-4857-AE0D-738EE1E07D55}.Release|Any CPU.ActiveCfg = Release|Any CPU
		{B8271910-3AD0-4857-AE0D-738EE1E07D55}.Release|Any CPU.Build.0 = Release|Any CPU
	EndGlobalSection
	GlobalSection(SolutionProperties) = preSolution
		HideSolutionNode = FALSE
	EndGlobalSection
EndGlobal
