
Microsoft Visual Studio Solution File, Format Version 12.00
# Visual Studio 2013
VisualStudioVersion = 12.0.31101.0
MinimumVisualStudioVersion = 10.0.40219.1
Project("{FAE04EC0-301F-11D3-BF4B-00C04F79EFBC}") = "Human-Student-Worker", "Human-Student-Worker\Human-Student-Worker.csproj", "{1A385DCF-9F76-4089-AD9A-DFBA7CD3B3B8}"
EndProject
Project("{FAE04EC0-301F-11D3-BF4B-00C04F79EFBC}") = "Animals", "Animals\Animals.csproj", "{A56BE2CC-19FC-4C5B-B982-31F50FDA655A}"
EndProject
Project("{FAE04EC0-301F-11D3-BF4B-00C04F79EFBC}") = "CompanyHierarchy", "CompanyHierarchy\CompanyHierarchy.csproj", "{3C495950-12B0-4317-B4F2-4D2D5EE96C1E}"
EndProject
Global
	GlobalSection(SolutionConfigurationPlatforms) = preSolution
		Debug|Any CPU = Debug|Any CPU
		Release|Any CPU = Release|Any CPU
	EndGlobalSection
	GlobalSection(ProjectConfigurationPlatforms) = postSolution
		{1A385DCF-9F76-4089-AD9A-DFBA7CD3B3B8}.Debug|Any CPU.ActiveCfg = Debug|Any CPU
		{1A385DCF-9F76-4089-AD9A-DFBA7CD3B3B8}.Debug|Any CPU.Build.0 = Debug|Any CPU
		{1A385DCF-9F76-4089-AD9A-DFBA7CD3B3B8}.Release|Any CPU.ActiveCfg = Release|Any CPU
		{1A385DCF-9F76-4089-AD9A-DFBA7CD3B3B8}.Release|Any CPU.Build.0 = Release|Any CPU
		{A56BE2CC-19FC-4C5B-B982-31F50FDA655A}.Debug|Any CPU.ActiveCfg = Debug|Any CPU
		{A56BE2CC-19FC-4C5B-B982-31F50FDA655A}.Debug|Any CPU.Build.0 = Debug|Any CPU
		{A56BE2CC-19FC-4C5B-B982-31F50FDA655A}.Release|Any CPU.ActiveCfg = Release|Any CPU
		{A56BE2CC-19FC-4C5B-B982-31F50FDA655A}.Release|Any CPU.Build.0 = Release|Any CPU
		{3C495950-12B0-4317-B4F2-4D2D5EE96C1E}.Debug|Any CPU.ActiveCfg = Debug|Any CPU
		{3C495950-12B0-4317-B4F2-4D2D5EE96C1E}.Debug|Any CPU.Build.0 = Debug|Any CPU
		{3C495950-12B0-4317-B4F2-4D2D5EE96C1E}.Release|Any CPU.ActiveCfg = Release|Any CPU
		{3C495950-12B0-4317-B4F2-4D2D5EE96C1E}.Release|Any CPU.Build.0 = Release|Any CPU
	EndGlobalSection
	GlobalSection(SolutionProperties) = preSolution
		HideSolutionNode = FALSE
	EndGlobalSection
EndGlobal
